
Microsoft Visual Studio Solution File, Format Version 12.00
# Visual Studio Version 17
VisualStudioVersion = 17.11.35312.102
MinimumVisualStudioVersion = 10.0.40219.1
Project("{9A19103F-16F7-4668-BE54-9A1E7A4F7556}") = "AtorsTasks", "AtorsTasks\AtorsTasks.csproj", "{75D078DB-EDF6-4137-996E-555FBEB14995}"
EndProject
Global
	GlobalSection(SolutionConfigurationPlatforms) = preSolution
		Debug|Any CPU = Debug|Any CPU
		Release|Any CPU = Release|Any CPU
	EndGlobalSection
	GlobalSection(ProjectConfigurationPlatforms) = postSolution
		{75D078DB-EDF6-4137-996E-555FBEB14995}.Debug|Any CPU.ActiveCfg = Debug|Any CPU
		{75D078DB-EDF6-4137-996E-555FBEB14995}.Debug|Any CPU.Build.0 = Debug|Any CPU
		{75D078DB-EDF6-4137-996E-555FBEB14995}.Release|Any CPU.ActiveCfg = Release|Any CPU
		{75D078DB-EDF6-4137-996E-555FBEB14995}.Release|Any CPU.Build.0 = Release|Any CPU
	EndGlobalSection
	GlobalSection(SolutionProperties) = preSolution
		HideSolutionNode = FALSE
	EndGlobalSection
	GlobalSection(ExtensibilityGlobals) = postSolution
		SolutionGuid = {FD9B62D2-54E4-4447-AF80-A18A7E57A3BC}
	EndGlobalSection
EndGlobal
